
Microsoft Visual Studio Solution File, Format Version 12.00
# Visual Studio Version 16
VisualStudioVersion = 16.0.34407.143
MinimumVisualStudioVersion = 10.0.40219.1
Project("{FAE04EC0-301F-11D3-BF4B-00C04F79EFBC}") = "ConsoleApp1", "ConsoleApp1\ConsoleApp1.csproj", "{19F1CF43-151F-41C2-B939-9F385E57AD71}"
EndProject
Global
	GlobalSection(SolutionConfigurationPlatforms) = preSolution
		Debug|Any CPU = Debug|Any CPU
		Release|Any CPU = Release|Any CPU
	EndGlobalSection
	GlobalSection(ProjectConfigurationPlatforms) = postSolution
		{19F1CF43-151F-41C2-B939-9F385E57AD71}.Debug|Any CPU.ActiveCfg = Debug|Any CPU
		{19F1CF43-151F-41C2-B939-9F385E57AD71}.Debug|Any CPU.Build.0 = Debug|Any CPU
		{19F1CF43-151F-41C2-B939-9F385E57AD71}.Release|Any CPU.ActiveCfg = Release|Any CPU
		{19F1CF43-151F-41C2-B939-9F385E57AD71}.Release|Any CPU.Build.0 = Release|Any CPU
	EndGlobalSection
	GlobalSection(SolutionProperties) = preSolution
		HideSolutionNode = FALSE
	EndGlobalSection
	GlobalSection(ExtensibilityGlobals) = postSolution
		SolutionGuid = {55748982-860E-4F12-986E-BDD4522A5622}
	EndGlobalSection
EndGlobal
